
Microsoft Visual Studio Solution File, Format Version 12.00
# Visual Studio Version 17
VisualStudioVersion = 17.6.33829.357
MinimumVisualStudioVersion = 10.0.40219.1
Project("{FAE04EC0-301F-11D3-BF4B-00C04F79EFBC}") = "ConsoleApp1", "ConsoleApp1.csproj", "{1961DF74-19CC-4945-9532-6A63431AA0FE}"
EndProject
Global
	GlobalSection(SolutionConfigurationPlatforms) = preSolution
		Debug|Any CPU = Debug|Any CPU
		Release|Any CPU = Release|Any CPU
	EndGlobalSection
	GlobalSection(ProjectConfigurationPlatforms) = postSolution
		{1961DF74-19CC-4945-9532-6A63431AA0FE}.Debug|Any CPU.ActiveCfg = Debug|Any CPU
		{1961DF74-19CC-4945-9532-6A63431AA0FE}.Debug|Any CPU.Build.0 = Debug|Any CPU
		{1961DF74-19CC-4945-9532-6A63431AA0FE}.Release|Any CPU.ActiveCfg = Release|Any CPU
		{1961DF74-19CC-4945-9532-6A63431AA0FE}.Release|Any CPU.Build.0 = Release|Any CPU
	EndGlobalSection
	GlobalSection(SolutionProperties) = preSolution
		HideSolutionNode = FALSE
	EndGlobalSection
	GlobalSection(ExtensibilityGlobals) = postSolution
		SolutionGuid = {4A79CDE3-677F-4F7E-9180-A87832F14EB8}
	EndGlobalSection
EndGlobal
